
Microsoft Visual Studio Solution File, Format Version 12.00
# Visual Studio Version 16
VisualStudioVersion = 16.0.32901.82
MinimumVisualStudioVersion = 10.0.40219.1
Project("{2150E333-8FDC-42A3-9474-1A3956D46DE8}") = "Services", "Services", "{AAD6964E-9761-4910-94DE-4BE5084AAD60}"
EndProject
Project("{2150E333-8FDC-42A3-9474-1A3956D46DE8}") = "Catalog", "Catalog", "{8C1C3C03-50D5-4C9C-BA93-47F3372BD4C6}"
EndProject
Project("{9A19103F-16F7-4668-BE54-9A1E7A4F7556}") = "FreeCourse.Services.Catalog", "Services\Catalog\FreeCourse.Services.Catalog\FreeCourse.Services.Catalog.csproj", "{40964006-F110-46DB-8B9E-1A73DA5F7307}"
EndProject
Project("{2150E333-8FDC-42A3-9474-1A3956D46DE8}") = "SolutionItems", "SolutionItems", "{139E412A-8BE3-472B-90CD-C4F29835B414}"
	ProjectSection(SolutionItems) = preProject
		Notlar.txt = Notlar.txt
		Ports.txt = Ports.txt
	EndProjectSection
EndProject
Project("{2150E333-8FDC-42A3-9474-1A3956D46DE8}") = "Shared", "Shared", "{A7BC65CF-EEBF-493D-B7E1-EBA796013A48}"
EndProject
Project("{9A19103F-16F7-4668-BE54-9A1E7A4F7556}") = "FreeCourse.Shared", "Shared\FreeCourse.Shared\FreeCourse.Shared.csproj", "{BF8FBECA-9632-4BBB-AC7D-E2D010B02590}"
EndProject
Project("{2150E333-8FDC-42A3-9474-1A3956D46DE8}") = "IdentityServer", "IdentityServer", "{9F0C051F-F8D2-41B4-B95E-F5B163715D4A}"
EndProject
Project("{9A19103F-16F7-4668-BE54-9A1E7A4F7556}") = "FreeCourse.IdentityServer", "IdentityServer\FreeCourse.IdentityServer\FreeCourse.IdentityServer.csproj", "{BA7D6045-18C7-424A-88AD-80C245B38CEE}"
EndProject
Project("{2150E333-8FDC-42A3-9474-1A3956D46DE8}") = "PhotoStock", "PhotoStock", "{59F895D2-FF20-4E37-823B-FA077B8C4CD2}"
EndProject
Project("{9A19103F-16F7-4668-BE54-9A1E7A4F7556}") = "FreeCourse.Services.PhotoStock", "Services\PhotoStock\FreeCourse.Services.PhotoStock\FreeCourse.Services.PhotoStock.csproj", "{9DC8A5BA-1FFE-41C1-AC64-3DB3196DF185}"
EndProject
Project("{2150E333-8FDC-42A3-9474-1A3956D46DE8}") = "Basket", "Basket", "{541053BA-F9C6-48C0-BC55-04F2AB01D946}"
EndProject
Project("{9A19103F-16F7-4668-BE54-9A1E7A4F7556}") = "FreeCourse.Services.Basket", "Services\Basket\FreeCourse.Services.Basket\FreeCourse.Services.Basket.csproj", "{2B5E0239-6EBF-4F2D-82A3-AD168C9A6F2E}"
EndProject
Project("{2150E333-8FDC-42A3-9474-1A3956D46DE8}") = "Discount", "Discount", "{24E2223E-2760-42A1-AC81-EBF159C62A95}"
EndProject
Project("{FAE04EC0-301F-11D3-BF4B-00C04F79EFBC}") = "FreeCourse.Services.Discount", "Services\Discount\FreeCourse.Services.Discount\FreeCourse.Services.Discount.csproj", "{39E2E40E-BD1B-4B91-ACA9-26920AB54599}"
EndProject
Global
	GlobalSection(SolutionConfigurationPlatforms) = preSolution
		Debug|Any CPU = Debug|Any CPU
		Release|Any CPU = Release|Any CPU
	EndGlobalSection
	GlobalSection(ProjectConfigurationPlatforms) = postSolution
		{40964006-F110-46DB-8B9E-1A73DA5F7307}.Debug|Any CPU.ActiveCfg = Debug|Any CPU
		{40964006-F110-46DB-8B9E-1A73DA5F7307}.Debug|Any CPU.Build.0 = Debug|Any CPU
		{40964006-F110-46DB-8B9E-1A73DA5F7307}.Release|Any CPU.ActiveCfg = Release|Any CPU
		{40964006-F110-46DB-8B9E-1A73DA5F7307}.Release|Any CPU.Build.0 = Release|Any CPU
		{BF8FBECA-9632-4BBB-AC7D-E2D010B02590}.Debug|Any CPU.ActiveCfg = Debug|Any CPU
		{BF8FBECA-9632-4BBB-AC7D-E2D010B02590}.Debug|Any CPU.Build.0 = Debug|Any CPU
		{BF8FBECA-9632-4BBB-AC7D-E2D010B02590}.Release|Any CPU.ActiveCfg = Release|Any CPU
		{BF8FBECA-9632-4BBB-AC7D-E2D010B02590}.Release|Any CPU.Build.0 = Release|Any CPU
		{BA7D6045-18C7-424A-88AD-80C245B38CEE}.Debug|Any CPU.ActiveCfg = Debug|Any CPU
		{BA7D6045-18C7-424A-88AD-80C245B38CEE}.Debug|Any CPU.Build.0 = Debug|Any CPU
		{BA7D6045-18C7-424A-88AD-80C245B38CEE}.Release|Any CPU.ActiveCfg = Release|Any CPU
		{BA7D6045-18C7-424A-88AD-80C245B38CEE}.Release|Any CPU.Build.0 = Release|Any CPU
		{9DC8A5BA-1FFE-41C1-AC64-3DB3196DF185}.Debug|Any CPU.ActiveCfg = Debug|Any CPU
		{9DC8A5BA-1FFE-41C1-AC64-3DB3196DF185}.Debug|Any CPU.Build.0 = Debug|Any CPU
		{9DC8A5BA-1FFE-41C1-AC64-3DB3196DF185}.Release|Any CPU.ActiveCfg = Release|Any CPU
		{9DC8A5BA-1FFE-41C1-AC64-3DB3196DF185}.Release|Any CPU.Build.0 = Release|Any CPU
		{2B5E0239-6EBF-4F2D-82A3-AD168C9A6F2E}.Debug|Any CPU.ActiveCfg = Debug|Any CPU
		{2B5E0239-6EBF-4F2D-82A3-AD168C9A6F2E}.Debug|Any CPU.Build.0 = Debug|Any CPU
		{2B5E0239-6EBF-4F2D-82A3-AD168C9A6F2E}.Release|Any CPU.ActiveCfg = Release|Any CPU
		{2B5E0239-6EBF-4F2D-82A3-AD168C9A6F2E}.Release|Any CPU.Build.0 = Release|Any CPU
		{39E2E40E-BD1B-4B91-ACA9-26920AB54599}.Debug|Any CPU.ActiveCfg = Debug|Any CPU
		{39E2E40E-BD1B-4B91-ACA9-26920AB54599}.Debug|Any CPU.Build.0 = Debug|Any CPU
		{39E2E40E-BD1B-4B91-ACA9-26920AB54599}.Release|Any CPU.ActiveCfg = Release|Any CPU
		{39E2E40E-BD1B-4B91-ACA9-26920AB54599}.Release|Any CPU.Build.0 = Release|Any CPU
	EndGlobalSection
	GlobalSection(SolutionProperties) = preSolution
		HideSolutionNode = FALSE
	EndGlobalSection
	GlobalSection(NestedProjects) = preSolution
		{8C1C3C03-50D5-4C9C-BA93-47F3372BD4C6} = {AAD6964E-9761-4910-94DE-4BE5084AAD60}
		{40964006-F110-46DB-8B9E-1A73DA5F7307} = {8C1C3C03-50D5-4C9C-BA93-47F3372BD4C6}
		{BF8FBECA-9632-4BBB-AC7D-E2D010B02590} = {A7BC65CF-EEBF-493D-B7E1-EBA796013A48}
		{BA7D6045-18C7-424A-88AD-80C245B38CEE} = {9F0C051F-F8D2-41B4-B95E-F5B163715D4A}
		{59F895D2-FF20-4E37-823B-FA077B8C4CD2} = {AAD6964E-9761-4910-94DE-4BE5084AAD60}
		{9DC8A5BA-1FFE-41C1-AC64-3DB3196DF185} = {59F895D2-FF20-4E37-823B-FA077B8C4CD2}
		{541053BA-F9C6-48C0-BC55-04F2AB01D946} = {AAD6964E-9761-4910-94DE-4BE5084AAD60}
		{2B5E0239-6EBF-4F2D-82A3-AD168C9A6F2E} = {541053BA-F9C6-48C0-BC55-04F2AB01D946}
		{24E2223E-2760-42A1-AC81-EBF159C62A95} = {AAD6964E-9761-4910-94DE-4BE5084AAD60}
		{39E2E40E-BD1B-4B91-ACA9-26920AB54599} = {24E2223E-2760-42A1-AC81-EBF159C62A95}
	EndGlobalSection
	GlobalSection(ExtensibilityGlobals) = postSolution
		SolutionGuid = {FBFCBF28-0B46-4FD8-8767-31BD930ECFE6}
	EndGlobalSection
EndGlobal
